
Microsoft Visual Studio Solution File, Format Version 12.00
# Visual Studio 15
VisualStudioVersion = 15.0.28307.705
MinimumVisualStudioVersion = 10.0.40219.1
Project("{FAE04EC0-301F-11D3-BF4B-00C04F79EFBC}") = "GettingStartedLib", "GettingStartedLib\GettingStartedLib.csproj", "{FB468684-80C0-42B9-BCD8-0F277828D255}"
EndProject
Project("{FAE04EC0-301F-11D3-BF4B-00C04F79EFBC}") = "GettingStartedHost", "GettingStartedHost\GettingStartedHost.csproj", "{6FC5BA8E-EB1F-40A0-8A51-130419F77F5A}"
EndProject
Project("{FAE04EC0-301F-11D3-BF4B-00C04F79EFBC}") = "GettingStartedClient", "GettingStartedClient\GettingStartedClient.csproj", "{34BBC2C2-A434-4B36-8253-1FDE97713C8B}"
	ProjectSection(ProjectDependencies) = postProject
		{FB468684-80C0-42B9-BCD8-0F277828D255} = {FB468684-80C0-42B9-BCD8-0F277828D255}
	EndProjectSection
EndProject
Project("{FAE04EC0-301F-11D3-BF4B-00C04F79EFBC}") = "GettingStartedWebClient", "GettingStartedWebClient\GettingStartedWebClient.csproj", "{B1898E3D-05AF-4A10-BB86-CB9639DFFB40}"
	ProjectSection(ProjectDependencies) = postProject
		{FB468684-80C0-42B9-BCD8-0F277828D255} = {FB468684-80C0-42B9-BCD8-0F277828D255}
	EndProjectSection
EndProject
Global
	GlobalSection(SolutionConfigurationPlatforms) = preSolution
		Debug|Any CPU = Debug|Any CPU
		Release|Any CPU = Release|Any CPU
	EndGlobalSection
	GlobalSection(ProjectConfigurationPlatforms) = postSolution
		{FB468684-80C0-42B9-BCD8-0F277828D255}.Debug|Any CPU.ActiveCfg = Debug|Any CPU
		{FB468684-80C0-42B9-BCD8-0F277828D255}.Debug|Any CPU.Build.0 = Debug|Any CPU
		{FB468684-80C0-42B9-BCD8-0F277828D255}.Release|Any CPU.ActiveCfg = Release|Any CPU
		{FB468684-80C0-42B9-BCD8-0F277828D255}.Release|Any CPU.Build.0 = Release|Any CPU
		{6FC5BA8E-EB1F-40A0-8A51-130419F77F5A}.Debug|Any CPU.ActiveCfg = Debug|Any CPU
		{6FC5BA8E-EB1F-40A0-8A51-130419F77F5A}.Debug|Any CPU.Build.0 = Debug|Any CPU
		{6FC5BA8E-EB1F-40A0-8A51-130419F77F5A}.Release|Any CPU.ActiveCfg = Release|Any CPU
		{6FC5BA8E-EB1F-40A0-8A51-130419F77F5A}.Release|Any CPU.Build.0 = Release|Any CPU
		{34BBC2C2-A434-4B36-8253-1FDE97713C8B}.Debug|Any CPU.ActiveCfg = Debug|Any CPU
		{34BBC2C2-A434-4B36-8253-1FDE97713C8B}.Debug|Any CPU.Build.0 = Debug|Any CPU
		{34BBC2C2-A434-4B36-8253-1FDE97713C8B}.Release|Any CPU.ActiveCfg = Release|Any CPU
		{34BBC2C2-A434-4B36-8253-1FDE97713C8B}.Release|Any CPU.Build.0 = Release|Any CPU
		{B1898E3D-05AF-4A10-BB86-CB9639DFFB40}.Debug|Any CPU.ActiveCfg = Debug|Any CPU
		{B1898E3D-05AF-4A10-BB86-CB9639DFFB40}.Debug|Any CPU.Build.0 = Debug|Any CPU
		{B1898E3D-05AF-4A10-BB86-CB9639DFFB40}.Release|Any CPU.ActiveCfg = Release|Any CPU
		{B1898E3D-05AF-4A10-BB86-CB9639DFFB40}.Release|Any CPU.Build.0 = Release|Any CPU
	EndGlobalSection
	GlobalSection(SolutionProperties) = preSolution
		HideSolutionNode = FALSE
	EndGlobalSection
	GlobalSection(ExtensibilityGlobals) = postSolution
		SolutionGuid = {DE783F9C-AF6D-438C-9089-A5902E883577}
	EndGlobalSection
EndGlobal
